
Microsoft Visual Studio Solution File, Format Version 12.00
# Visual Studio Version 16
VisualStudioVersion = 16.0.29123.88
MinimumVisualStudioVersion = 10.0.40219.1
Project("{9A19103F-16F7-4668-BE54-9A1E7A4F7556}") = "AdminTemplate", "AdminTemplate.csproj", "{AEAADFDB-A103-4DEB-9A98-58CDF9B3EADC}"
EndProject
Global
	GlobalSection(SolutionConfigurationPlatforms) = preSolution
		Debug|Any CPU = Debug|Any CPU
		Release|Any CPU = Release|Any CPU
	EndGlobalSection
	GlobalSection(ProjectConfigurationPlatforms) = postSolution
		{AEAADFDB-A103-4DEB-9A98-58CDF9B3EADC}.Debug|Any CPU.ActiveCfg = Debug|Any CPU
		{AEAADFDB-A103-4DEB-9A98-58CDF9B3EADC}.Debug|Any CPU.Build.0 = Debug|Any CPU
		{AEAADFDB-A103-4DEB-9A98-58CDF9B3EADC}.Release|Any CPU.ActiveCfg = Release|Any CPU
		{AEAADFDB-A103-4DEB-9A98-58CDF9B3EADC}.Release|Any CPU.Build.0 = Release|Any CPU
	EndGlobalSection
	GlobalSection(SolutionProperties) = preSolution
		HideSolutionNode = FALSE
	EndGlobalSection
	GlobalSection(ExtensibilityGlobals) = postSolution
		SolutionGuid = {A54ECEB3-48BE-49A9-8646-6AF281F3EA4C}
	EndGlobalSection
EndGlobal
